
Microsoft Visual Studio Solution File, Format Version 12.00
# Visual Studio Version 17
VisualStudioVersion = 17.12.35506.116 d17.12
MinimumVisualStudioVersion = 10.0.40219.1
Project("{FAE04EC0-301F-11D3-BF4B-00C04F79EFBC}") = "TaskManagmentService", "TaskManagmentService\TaskManagmentService.csproj", "{515A4880-8FDF-4539-931D-2F2F74F3AE38}"
EndProject
Project("{FAE04EC0-301F-11D3-BF4B-00C04F79EFBC}") = "TaskManagmentLibrary", "TaskManagmentLibrary\TaskManagmentLibrary.csproj", "{7351FC07-7CF7-484C-9EDE-369D2E6414D4}"
EndProject
Global
	GlobalSection(SolutionConfigurationPlatforms) = preSolution
		Debug|Any CPU = Debug|Any CPU
		Release|Any CPU = Release|Any CPU
	EndGlobalSection
	GlobalSection(ProjectConfigurationPlatforms) = postSolution
		{515A4880-8FDF-4539-931D-2F2F74F3AE38}.Debug|Any CPU.ActiveCfg = Debug|Any CPU
		{515A4880-8FDF-4539-931D-2F2F74F3AE38}.Debug|Any CPU.Build.0 = Debug|Any CPU
		{515A4880-8FDF-4539-931D-2F2F74F3AE38}.Release|Any CPU.ActiveCfg = Release|Any CPU
		{515A4880-8FDF-4539-931D-2F2F74F3AE38}.Release|Any CPU.Build.0 = Release|Any CPU
		{7351FC07-7CF7-484C-9EDE-369D2E6414D4}.Debug|Any CPU.ActiveCfg = Debug|Any CPU
		{7351FC07-7CF7-484C-9EDE-369D2E6414D4}.Debug|Any CPU.Build.0 = Debug|Any CPU
		{7351FC07-7CF7-484C-9EDE-369D2E6414D4}.Release|Any CPU.ActiveCfg = Release|Any CPU
		{7351FC07-7CF7-484C-9EDE-369D2E6414D4}.Release|Any CPU.Build.0 = Release|Any CPU
	EndGlobalSection
	GlobalSection(SolutionProperties) = preSolution
		HideSolutionNode = FALSE
	EndGlobalSection
EndGlobal
